
Microsoft Visual Studio Solution File, Format Version 12.00
# Visual Studio Version 17
VisualStudioVersion = 17.6.33723.286
MinimumVisualStudioVersion = 10.0.40219.1
Project("{FAE04EC0-301F-11D3-BF4B-00C04F79EFBC}") = "BlazorAppWithCosmosDb", "BlazorAppWithCosmosDb.csproj", "{8A06BDAC-175E-4588-9FE6-DC0790301798}"
EndProject
Global
	GlobalSection(SolutionConfigurationPlatforms) = preSolution
		Debug|Any CPU = Debug|Any CPU
		Release|Any CPU = Release|Any CPU
	EndGlobalSection
	GlobalSection(ProjectConfigurationPlatforms) = postSolution
		{8A06BDAC-175E-4588-9FE6-DC0790301798}.Debug|Any CPU.ActiveCfg = Debug|Any CPU
		{8A06BDAC-175E-4588-9FE6-DC0790301798}.Debug|Any CPU.Build.0 = Debug|Any CPU
		{8A06BDAC-175E-4588-9FE6-DC0790301798}.Release|Any CPU.ActiveCfg = Release|Any CPU
		{8A06BDAC-175E-4588-9FE6-DC0790301798}.Release|Any CPU.Build.0 = Release|Any CPU
	EndGlobalSection
	GlobalSection(SolutionProperties) = preSolution
		HideSolutionNode = FALSE
	EndGlobalSection
	GlobalSection(ExtensibilityGlobals) = postSolution
		SolutionGuid = {FA2305A8-B393-414A-8ACF-1185D5CDF9FB}
	EndGlobalSection
EndGlobal
